
Microsoft Visual Studio Solution File, Format Version 12.00
# Visual Studio Version 17
VisualStudioVersion = 17.13.35818.85 d17.13
MinimumVisualStudioVersion = 10.0.40219.1
Project("{FAE04EC0-301F-11D3-BF4B-00C04F79EFBC}") = "AuthControl.API", "AuthControl.API\AuthControl.API.csproj", "{93251CC4-8EFC-457A-A6C8-AA2C6026B4E9}"
EndProject
Global
	GlobalSection(SolutionConfigurationPlatforms) = preSolution
		Debug|Any CPU = Debug|Any CPU
		Release|Any CPU = Release|Any CPU
	EndGlobalSection
	GlobalSection(ProjectConfigurationPlatforms) = postSolution
		{93251CC4-8EFC-457A-A6C8-AA2C6026B4E9}.Debug|Any CPU.ActiveCfg = Debug|Any CPU
		{93251CC4-8EFC-457A-A6C8-AA2C6026B4E9}.Debug|Any CPU.Build.0 = Debug|Any CPU
		{93251CC4-8EFC-457A-A6C8-AA2C6026B4E9}.Release|Any CPU.ActiveCfg = Release|Any CPU
		{93251CC4-8EFC-457A-A6C8-AA2C6026B4E9}.Release|Any CPU.Build.0 = Release|Any CPU
	EndGlobalSection
	GlobalSection(SolutionProperties) = preSolution
		HideSolutionNode = FALSE
	EndGlobalSection
	GlobalSection(ExtensibilityGlobals) = postSolution
		SolutionGuid = {8A076317-8B6C-491B-92D2-59E8752004FA}
	EndGlobalSection
EndGlobal
